// !$*UTF8*$!
{
	archiveVersion = 1;
	classes = {
	};
	objectVersion = 56;
	objects = {

/* Begin PBXBuildFile section */
		1EA931F72AC5C219008A3866 /* AppDelegate.swift in Sources */ = {isa = PBXBuildFile; fileRef = 1EA931F62AC5C219008A3866 /* AppDelegate.swift */; };
		1EA931F92AC5C219008A3866 /* SceneDelegate.swift in Sources */ = {isa = PBXBuildFile; fileRef = 1EA931F82AC5C219008A3866 /* SceneDelegate.swift */; };
		1EA931FB2AC5C219008A3866 /* ViewController.swift in Sources */ = {isa = PBXBuildFile; fileRef = 1EA931FA2AC5C219008A3866 /* ViewController.swift */; };
		1EA931FE2AC5C219008A3866 /* Main.storyboard in Resources */ = {isa = PBXBuildFile; fileRef = 1EA931FC2AC5C219008A3866 /* Main.storyboard */; };
		1EA932002AC5C21A008A3866 /* Assets.xcassets in Resources */ = {isa = PBXBuildFile; fileRef = 1EA931FF2AC5C21A008A3866 /* Assets.xcassets */; };
		1EA932032AC5C21A008A3866 /* LaunchScreen.storyboard in Resources */ = {isa = PBXBuildFile; fileRef = 1EA932012AC5C21A008A3866 /* LaunchScreen.storyboard */; };
		1EA9320C2AC5C232008A3866 /* FirebaseFramework.xcframework in Frameworks */ = {isa = PBXBuildFile; fileRef = 1EA9320A2AC5C224008A3866 /* FirebaseFramework.xcframework */; };
		1EA9320D2AC5C232008A3866 /* FirebaseFramework.xcframework in Embed Frameworks */ = {isa = PBXBuildFile; fileRef = 1EA9320A2AC5C224008A3866 /* FirebaseFramework.xcframework */; settings = {ATTRIBUTES = (CodeSignOnCopy, RemoveHeadersOnCopy, ); }; };
		1EA932122AC5C36A008A3866 /* README.md in Resources */ = {isa = PBXBuildFile; fileRef = 1EA9320F2AC5C369008A3866 /* README.md */; };
		1EA932132AC5C36A008A3866 /* LICENSE in Resources */ = {isa = PBXBuildFile; fileRef = 1EA932102AC5C369008A3866 /* LICENSE */; };
		1EA932162AC5C3AE008A3866 /* FirebaseFramework.podspec in Resources */ = {isa = PBXBuildFile; fileRef = 1EA932152AC5C3AE008A3866 /* FirebaseFramework.podspec */; };
/* End PBXBuildFile section */

/* Begin PBXCopyFilesBuildPhase section */
		1EA9320E2AC5C232008A3866 /* Embed Frameworks */ = {
			isa = PBXCopyFilesBuildPhase;
			buildActionMask = 2147483647;
			dstPath = "";
			dstSubfolderSpec = 10;
			files = (
				1EA9320D2AC5C232008A3866 /* FirebaseFramework.xcframework in Embed Frameworks */,
			);
			name = "Embed Frameworks";
			runOnlyForDeploymentPostprocessing = 0;
		};
/* End PBXCopyFilesBuildPhase section */

/* Begin PBXFileReference section */
		1EA931F32AC5C219008A3866 /* FAFramework.app */ = {isa = PBXFileReference; explicitFileType = wrapper.application; includeInIndex = 0; path = FAFramework.app; sourceTree = BUILT_PRODUCTS_DIR; };
		1EA931F62AC5C219008A3866 /* AppDelegate.swift */ = {isa = PBXFileReference; lastKnownFileType = sourcecode.swift; path = AppDelegate.swift; sourceTree = "<group>"; };
		1EA931F82AC5C219008A3866 /* SceneDelegate.swift */ = {isa = PBXFileReference; lastKnownFileType = sourcecode.swift; path = SceneDelegate.swift; sourceTree = "<group>"; };
		1EA931FA2AC5C219008A3866 /* ViewController.swift */ = {isa = PBXFileReference; lastKnownFileType = sourcecode.swift; path = ViewController.swift; sourceTree = "<group>"; };
		1EA931FD2AC5C219008A3866 /* Base */ = {isa = PBXFileReference; lastKnownFileType = file.storyboard; name = Base; path = Base.lproj/Main.storyboard; sourceTree = "<group>"; };
		1EA931FF2AC5C21A008A3866 /* Assets.xcassets */ = {isa = PBXFileReference; lastKnownFileType = folder.assetcatalog; path = Assets.xcassets; sourceTree = "<group>"; };
		1EA932022AC5C21A008A3866 /* Base */ = {isa = PBXFileReference; lastKnownFileType = file.storyboard; name = Base; path = Base.lproj/LaunchScreen.storyboard; sourceTree = "<group>"; };
		1EA932042AC5C21A008A3866 /* Info.plist */ = {isa = PBXFileReference; lastKnownFileType = text.plist.xml; path = Info.plist; sourceTree = "<group>"; };
		1EA9320A2AC5C224008A3866 /* FirebaseFramework.xcframework */ = {isa = PBXFileReference; lastKnownFileType = wrapper.xcframework; path = FirebaseFramework.xcframework; sourceTree = "<group>"; };
		1EA9320F2AC5C369008A3866 /* README.md */ = {isa = PBXFileReference; fileEncoding = 4; lastKnownFileType = net.daringfireball.markdown; path = README.md; sourceTree = SOURCE_ROOT; };
		1EA932102AC5C369008A3866 /* LICENSE */ = {isa = PBXFileReference; fileEncoding = 4; lastKnownFileType = text; path = LICENSE; sourceTree = SOURCE_ROOT; };
		1EA932152AC5C3AE008A3866 /* FirebaseFramework.podspec */ = {isa = PBXFileReference; lastKnownFileType = file; path = FirebaseFramework.podspec; sourceTree = SOURCE_ROOT; };
/* End PBXFileReference section */

/* Begin PBXFrameworksBuildPhase section */
		1EA931F02AC5C219008A3866 /* Frameworks */ = {
			isa = PBXFrameworksBuildPhase;
			buildActionMask = 2147483647;
			files = (
				1EA9320C2AC5C232008A3866 /* FirebaseFramework.xcframework in Frameworks */,
			);
			runOnlyForDeploymentPostprocessing = 0;
		};
/* End PBXFrameworksBuildPhase section */

/* Begin PBXGroup section */
		1EA931EA2AC5C219008A3866 = {
			isa = PBXGroup;
			children = (
				1EA931F52AC5C219008A3866 /* FAFramework */,
				1EA931F42AC5C219008A3866 /* Products */,
			);
			sourceTree = "<group>";
		};
		1EA931F42AC5C219008A3866 /* Products */ = {
			isa = PBXGroup;
			children = (
				1EA931F32AC5C219008A3866 /* FAFramework.app */,
			);
			name = Products;
			sourceTree = "<group>";
		};
		1EA931F52AC5C219008A3866 /* FAFramework */ = {
			isa = PBXGroup;
			children = (
				1EA932152AC5C3AE008A3866 /* FirebaseFramework.podspec */,
				1EA932102AC5C369008A3866 /* LICENSE */,
				1EA9320F2AC5C369008A3866 /* README.md */,
				1EA9320A2AC5C224008A3866 /* FirebaseFramework.xcframework */,
				1EA931F62AC5C219008A3866 /* AppDelegate.swift */,
				1EA931F82AC5C219008A3866 /* SceneDelegate.swift */,
				1EA931FA2AC5C219008A3866 /* ViewController.swift */,
				1EA931FC2AC5C219008A3866 /* Main.storyboard */,
				1EA931FF2AC5C21A008A3866 /* Assets.xcassets */,
				1EA932012AC5C21A008A3866 /* LaunchScreen.storyboard */,
				1EA932042AC5C21A008A3866 /* Info.plist */,
			);
			path = FAFramework;
			sourceTree = "<group>";
		};
/* End PBXGroup section */

/* Begin PBXNativeTarget section */
		1EA931F22AC5C219008A3866 /* FAFramework */ = {
			isa = PBXNativeTarget;
			buildConfigurationList = 1EA932072AC5C21A008A3866 /* Build configuration list for PBXNativeTarget "FAFramework" */;
			buildPhases = (
				1EA931EF2AC5C219008A3866 /* Sources */,
				1EA931F02AC5C219008A3866 /* Frameworks */,
				1EA931F12AC5C219008A3866 /* Resources */,
				1EA9320E2AC5C232008A3866 /* Embed Frameworks */,
			);
			buildRules = (
			);
			dependencies = (
			);
			name = FAFramework;
			productName = FAFramework;
			productReference = 1EA931F32AC5C219008A3866 /* FAFramework.app */;
			productType = "com.apple.product-type.application";
		};
/* End PBXNativeTarget section */

/* Begin PBXProject section */
		1EA931EB2AC5C219008A3866 /* Project object */ = {
			isa = PBXProject;
			attributes = {
				BuildIndependentTargetsInParallel = 1;
				LastSwiftUpdateCheck = 1430;
				LastUpgradeCheck = 1430;
				TargetAttributes = {
					1EA931F22AC5C219008A3866 = {
						CreatedOnToolsVersion = 14.3.1;
					};
				};
			};
			buildConfigurationList = 1EA931EE2AC5C219008A3866 /* Build configuration list for PBXProject "FAFramework" */;
			compatibilityVersion = "Xcode 14.0";
			developmentRegion = en;
			hasScannedForEncodings = 0;
			knownRegions = (
				en,
				Base,
			);
			mainGroup = 1EA931EA2AC5C219008A3866;
			productRefGroup = 1EA931F42AC5C219008A3866 /* Products */;
			projectDirPath = "";
			projectRoot = "";
			targets = (
				1EA931F22AC5C219008A3866 /* FAFramework */,
			);
		};
/* End PBXProject section */

/* Begin PBXResourcesBuildPhase section */
		1EA931F12AC5C219008A3866 /* Resources */ = {
			isa = PBXResourcesBuildPhase;
			buildActionMask = 2147483647;
			files = (
				1EA932032AC5C21A008A3866 /* LaunchScreen.storyboard in Resources */,
				1EA932002AC5C21A008A3866 /* Assets.xcassets in Resources */,
				1EA932162AC5C3AE008A3866 /* FirebaseFramework.podspec in Resources */,
				1EA932122AC5C36A008A3866 /* README.md in Resources */,
				1EA931FE2AC5C219008A3866 /* Main.storyboard in Resources */,
				1EA932132AC5C36A008A3866 /* LICENSE in Resources */,
			);
			runOnlyForDeploymentPostprocessing = 0;
		};
/* End PBXResourcesBuildPhase section */

/* Begin PBXSourcesBuildPhase section */
		1EA931EF2AC5C219008A3866 /* Sources */ = {
			isa = PBXSourcesBuildPhase;
			buildActionMask = 2147483647;
			files = (
				1EA931FB2AC5C219008A3866 /* ViewController.swift in Sources */,
				1EA931F72AC5C219008A3866 /* AppDelegate.swift in Sources */,
				1EA931F92AC5C219008A3866 /* SceneDelegate.swift in Sources */,
			);
			runOnlyForDeploymentPostprocessing = 0;
		};
/* End PBXSourcesBuildPhase section */

/* Begin PBXVariantGroup section */
		1EA931FC2AC5C219008A3866 /* Main.storyboard */ = {
			isa = PBXVariantGroup;
			children = (
				1EA931FD2AC5C219008A3866 /* Base */,
			);
			name = Main.storyboard;
			sourceTree = "<group>";
		};
		1EA932012AC5C21A008A3866 /* LaunchScreen.storyboard */ = {
			isa = PBXVariantGroup;
			children = (
				1EA932022AC5C21A008A3866 /* Base */,
			);
			name = LaunchScreen.storyboard;
			sourceTree = "<group>";
		};
/* End PBXVariantGroup section */

/* Begin XCBuildConfiguration section */
		1EA932052AC5C21A008A3866 /* Debug */ = {
			isa = XCBuildConfiguration;
			buildSettings = {
				ALWAYS_SEARCH_USER_PATHS = NO;
				CLANG_ANALYZER_NONNULL = YES;
				CLANG_ANALYZER_NUMBER_OBJECT_CONVERSION = YES_AGGRESSIVE;
				CLANG_CXX_LANGUAGE_STANDARD = "gnu++20";
				CLANG_ENABLE_MODULES = YES;
				CLANG_ENABLE_OBJC_ARC = YES;
				CLANG_ENABLE_OBJC_WEAK = YES;
				CLANG_WARN_BLOCK_CAPTURE_AUTORELEASING = YES;
				CLANG_WARN_BOOL_CONVERSION = YES;
				CLANG_WARN_COMMA = YES;
				CLANG_WARN_CONSTANT_CONVERSION = YES;
				CLANG_WARN_DEPRECATED_OBJC_IMPLEMENTATIONS = YES;
				CLANG_WARN_DIRECT_OBJC_ISA_USAGE = YES_ERROR;
				CLANG_WARN_DOCUMENTATION_COMMENTS = YES;
				CLANG_WARN_EMPTY_BODY = YES;
				CLANG_WARN_ENUM_CONVERSION = YES;
				CLANG_WARN_INFINITE_RECURSION = YES;
				CLANG_WARN_INT_CONVERSION = YES;
				CLANG_WARN_NON_LITERAL_NULL_CONVERSION = YES;
				CLANG_WARN_OBJC_IMPLICIT_RETAIN_SELF = YES;
				CLANG_WARN_OBJC_LITERAL_CONVERSION = YES;
				CLANG_WARN_OBJC_ROOT_CLASS = YES_ERROR;
				CLANG_WARN_QUOTED_INCLUDE_IN_FRAMEWORK_HEADER = YES;
				CLANG_WARN_RANGE_LOOP_ANALYSIS = YES;
				CLANG_WARN_STRICT_PROTOTYPES = YES;
				CLANG_WARN_SUSPICIOUS_MOVE = YES;
				CLANG_WARN_UNGUARDED_AVAILABILITY = YES_AGGRESSIVE;
				CLANG_WARN_UNREACHABLE_CODE = YES;
				CLANG_WARN__DUPLICATE_METHOD_MATCH = YES;
				COPY_PHASE_STRIP = NO;
				DEBUG_INFORMATION_FORMAT = dwarf;
				ENABLE_STRICT_OBJC_MSGSEND = YES;
				ENABLE_TESTABILITY = YES;
				GCC_C_LANGUAGE_STANDARD = gnu11;
				GCC_DYNAMIC_NO_PIC = NO;
				GCC_NO_COMMON_BLOCKS = YES;
				GCC_OPTIMIZATION_LEVEL = 0;
				GCC_PREPROCESSOR_DEFINITIONS = (
					"DEBUG=1",
					"$(inherited)",
				);
				GCC_WARN_64_TO_32_BIT_CONVERSION = YES;
				GCC_WARN_ABOUT_RETURN_TYPE = YES_ERROR;
				GCC_WARN_UNDECLARED_SELECTOR = YES;
				GCC_WARN_UNINITIALIZED_AUTOS = YES_AGGRESSIVE;
				GCC_WARN_UNUSED_FUNCTION = YES;
				GCC_WARN_UNUSED_VARIABLE = YES;
				IPHONEOS_DEPLOYMENT_TARGET = 16.4;
				MTL_ENABLE_DEBUG_INFO = INCLUDE_SOURCE;
				MTL_FAST_MATH = YES;
				ONLY_ACTIVE_ARCH = YES;
				SDKROOT = iphoneos;
				SWIFT_ACTIVE_COMPILATION_CONDITIONS = DEBUG;
				SWIFT_OPTIMIZATION_LEVEL = "-Onone";
			};
			name = Debug;
		};
		1EA932062AC5C21A008A3866 /* Release */ = {
			isa = XCBuildConfiguration;
			buildSettings = {
				ALWAYS_SEARCH_USER_PATHS = NO;
				CLANG_ANALYZER_NONNULL = YES;
				CLANG_ANALYZER_NUMBER_OBJECT_CONVERSION = YES_AGGRESSIVE;
				CLANG_CXX_LANGUAGE_STANDARD = "gnu++20";
				CLANG_ENABLE_MODULES = YES;
				CLANG_ENABLE_OBJC_ARC = YES;
				CLANG_ENABLE_OBJC_WEAK = YES;
				CLANG_WARN_BLOCK_CAPTURE_AUTORELEASING = YES;
				CLANG_WARN_BOOL_CONVERSION = YES;
				CLANG_WARN_COMMA = YES;
				CLANG_WARN_CONSTANT_CONVERSION = YES;
				CLANG_WARN_DEPRECATED_OBJC_IMPLEMENTATIONS = YES;
				CLANG_WARN_DIRECT_OBJC_ISA_USAGE = YES_ERROR;
				CLANG_WARN_DOCUMENTATION_COMMENTS = YES;
				CLANG_WARN_EMPTY_BODY = YES;
				CLANG_WARN_ENUM_CONVERSION = YES;
				CLANG_WARN_INFINITE_RECURSION = YES;
				CLANG_WARN_INT_CONVERSION = YES;
				CLANG_WARN_NON_LITERAL_NULL_CONVERSION = YES;
				CLANG_WARN_OBJC_IMPLICIT_RETAIN_SELF = YES;
				CLANG_WARN_OBJC_LITERAL_CONVERSION = YES;
				CLANG_WARN_OBJC_ROOT_CLASS = YES_ERROR;
				CLANG_WARN_QUOTED_INCLUDE_IN_FRAMEWORK_HEADER = YES;
				CLANG_WARN_RANGE_LOOP_ANALYSIS = YES;
				CLANG_WARN_STRICT_PROTOTYPES = YES;
				CLANG_WARN_SUSPICIOUS_MOVE = YES;
				CLANG_WARN_UNGUARDED_AVAILABILITY = YES_AGGRESSIVE;
				CLANG_WARN_UNREACHABLE_CODE = YES;
				CLANG_WARN__DUPLICATE_METHOD_MATCH = YES;
				COPY_PHASE_STRIP = NO;
				DEBUG_INFORMATION_FORMAT = "dwarf-with-dsym";
				ENABLE_NS_ASSERTIONS = NO;
				ENABLE_STRICT_OBJC_MSGSEND = YES;
				GCC_C_LANGUAGE_STANDARD = gnu11;
				GCC_NO_COMMON_BLOCKS = YES;
				GCC_WARN_64_TO_32_BIT_CONVERSION = YES;
				GCC_WARN_ABOUT_RETURN_TYPE = YES_ERROR;
				GCC_WARN_UNDECLARED_SELECTOR = YES;
				GCC_WARN_UNINITIALIZED_AUTOS = YES_AGGRESSIVE;
				GCC_WARN_UNUSED_FUNCTION = YES;
				GCC_WARN_UNUSED_VARIABLE = YES;
				IPHONEOS_DEPLOYMENT_TARGET = 16.4;
				MTL_ENABLE_DEBUG_INFO = NO;
				MTL_FAST_MATH = YES;
				SDKROOT = iphoneos;
				SWIFT_COMPILATION_MODE = wholemodule;
				SWIFT_OPTIMIZATION_LEVEL = "-O";
				VALIDATE_PRODUCT = YES;
			};
			name = Release;
		};
		1EA932082AC5C21A008A3866 /* Debug */ = {
			isa = XCBuildConfiguration;
			buildSettings = {
				ASSETCATALOG_COMPILER_APPICON_NAME = AppIcon;
				ASSETCATALOG_COMPILER_GLOBAL_ACCENT_COLOR_NAME = AccentColor;
				CODE_SIGN_STYLE = Automatic;
				CURRENT_PROJECT_VERSION = 1;
				GENERATE_INFOPLIST_FILE = YES;
				INFOPLIST_FILE = FAFramework/Info.plist;
				INFOPLIST_KEY_UIApplicationSupportsIndirectInputEvents = YES;
				INFOPLIST_KEY_UILaunchStoryboardName = LaunchScreen;
				INFOPLIST_KEY_UIMainStoryboardFile = Main;
				INFOPLIST_KEY_UISupportedInterfaceOrientations_iPad = "UIInterfaceOrientationPortrait UIInterfaceOrientationPortraitUpsideDown UIInterfaceOrientationLandscapeLeft UIInterfaceOrientationLandscapeRight";
				INFOPLIST_KEY_UISupportedInterfaceOrientations_iPhone = "UIInterfaceOrientationPortrait UIInterfaceOrientationLandscapeLeft UIInterfaceOrientationLandscapeRight";
				LD_RUNPATH_SEARCH_PATHS = (
					"$(inherited)",
					"@executable_path/Frameworks",
				);
				MARKETING_VERSION = 1.0;
				PRODUCT_BUNDLE_IDENTIFIER = com.6d.FAFramework;
				PRODUCT_NAME = "$(TARGET_NAME)";
				SWIFT_EMIT_LOC_STRINGS = YES;
				SWIFT_VERSION = 5.0;
				TARGETED_DEVICE_FAMILY = "1,2";
			};
			name = Debug;
		};
		1EA932092AC5C21A008A3866 /* Release */ = {
			isa = XCBuildConfiguration;
			buildSettings = {
				ASSETCATALOG_COMPILER_APPICON_NAME = AppIcon;
				ASSETCATALOG_COMPILER_GLOBAL_ACCENT_COLOR_NAME = AccentColor;
				CODE_SIGN_STYLE = Automatic;
				CURRENT_PROJECT_VERSION = 1;
				GENERATE_INFOPLIST_FILE = YES;
				INFOPLIST_FILE = FAFramework/Info.plist;
				INFOPLIST_KEY_UIApplicationSupportsIndirectInputEvents = YES;
				INFOPLIST_KEY_UILaunchStoryboardName = LaunchScreen;
				INFOPLIST_KEY_UIMainStoryboardFile = Main;
				INFOPLIST_KEY_UISupportedInterfaceOrientations_iPad = "UIInterfaceOrientationPortrait UIInterfaceOrientationPortraitUpsideDown UIInterfaceOrientationLandscapeLeft UIInterfaceOrientationLandscapeRight";
				INFOPLIST_KEY_UISupportedInterfaceOrientations_iPhone = "UIInterfaceOrientationPortrait UIInterfaceOrientationLandscapeLeft UIInterfaceOrientationLandscapeRight";
				LD_RUNPATH_SEARCH_PATHS = (
					"$(inherited)",
					"@executable_path/Frameworks",
				);
				MARKETING_VERSION = 1.0;
				PRODUCT_BUNDLE_IDENTIFIER = com.6d.FAFramework;
				PRODUCT_NAME = "$(TARGET_NAME)";
				SWIFT_EMIT_LOC_STRINGS = YES;
				SWIFT_VERSION = 5.0;
				TARGETED_DEVICE_FAMILY = "1,2";
			};
			name = Release;
		};
/* End XCBuildConfiguration section */

/* Begin XCConfigurationList section */
		1EA931EE2AC5C219008A3866 /* Build configuration list for PBXProject "FAFramework" */ = {
			isa = XCConfigurationList;
			buildConfigurations = (
				1EA932052AC5C21A008A3866 /* Debug */,
				1EA932062AC5C21A008A3866 /* Release */,
			);
			defaultConfigurationIsVisible = 0;
			defaultConfigurationName = Release;
		};
		1EA932072AC5C21A008A3866 /* Build configuration list for PBXNativeTarget "FAFramework" */ = {
			isa = XCConfigurationList;
			buildConfigurations = (
				1EA932082AC5C21A008A3866 /* Debug */,
				1EA932092AC5C21A008A3866 /* Release */,
			);
			defaultConfigurationIsVisible = 0;
			defaultConfigurationName = Release;
		};
/* End XCConfigurationList section */
	};
	rootObject = 1EA931EB2AC5C219008A3866 /* Project object */;
}
